
Microsoft Visual Studio Solution File, Format Version 12.00
# Visual Studio Version 17
VisualStudioVersion = 17.5.33530.505
MinimumVisualStudioVersion = 10.0.40219.1
Project("{9A19103F-16F7-4668-BE54-9A1E7A4F7556}") = "ppp.company", "ppp.company\ppp.company.csproj", "{232213A1-864F-4D52-9BA5-767E915A6764}"
	ProjectSection(ProjectDependencies) = postProject
		{06F1B5B0-EE21-414C-8E95-A67B680B56E4} = {06F1B5B0-EE21-414C-8E95-A67B680B56E4}
		{A13C8A76-1782-4D6E-8AF3-C0217105DF08} = {A13C8A76-1782-4D6E-8AF3-C0217105DF08}
		{DCC06A01-0A1A-4F30-B2CB-8F03517FD60B} = {DCC06A01-0A1A-4F30-B2CB-8F03517FD60B}
	EndProjectSection
EndProject
Project("{9A19103F-16F7-4668-BE54-9A1E7A4F7556}") = "ppp.entities", "ppp.entities\ppp.entities.csproj", "{DCC06A01-0A1A-4F30-B2CB-8F03517FD60B}"
EndProject
Project("{2150E333-8FDC-42A3-9474-1A3956D46DE8}") = "external", "external", "{60DE1727-F702-4E42-B96A-CBE24326430B}"
EndProject
Project("{2150E333-8FDC-42A3-9474-1A3956D46DE8}") = "domain", "domain", "{1F00A1B5-4424-4BF1-8FC8-863DD776072C}"
EndProject
Project("{2150E333-8FDC-42A3-9474-1A3956D46DE8}") = "presentation", "presentation", "{F9E34737-3DDF-4321-90D2-75AF78B914C6}"
EndProject
Project("{9A19103F-16F7-4668-BE54-9A1E7A4F7556}") = "ppp.repository", "ppp.repository\ppp.repository.csproj", "{A13C8A76-1782-4D6E-8AF3-C0217105DF08}"
	ProjectSection(ProjectDependencies) = postProject
		{DCC06A01-0A1A-4F30-B2CB-8F03517FD60B} = {DCC06A01-0A1A-4F30-B2CB-8F03517FD60B}
	EndProjectSection
EndProject
Project("{2150E333-8FDC-42A3-9474-1A3956D46DE8}") = "application", "application", "{8DEE9016-4FA6-4689-BF64-4B365C76C482}"
EndProject
Project("{2150E333-8FDC-42A3-9474-1A3956D46DE8}") = "usecases", "usecases", "{F6E960FE-483E-4491-B980-F74AE379547A}"
EndProject
Project("{9A19103F-16F7-4668-BE54-9A1E7A4F7556}") = "ppp.usecases", "ppp.usecases\ppp.usecases.csproj", "{06F1B5B0-EE21-414C-8E95-A67B680B56E4}"
EndProject
Project("{2150E333-8FDC-42A3-9474-1A3956D46DE8}") = "repository", "repository", "{14C38668-07A1-42E7-B6B2-8595BD76863D}"
EndProject
Project("{2150E333-8FDC-42A3-9474-1A3956D46DE8}") = "company", "company", "{E7274277-8D73-497E-88F5-008CDE40B9F7}"
EndProject
Global
	GlobalSection(SolutionConfigurationPlatforms) = preSolution
		Debug|Any CPU = Debug|Any CPU
		Release|Any CPU = Release|Any CPU
	EndGlobalSection
	GlobalSection(ProjectConfigurationPlatforms) = postSolution
		{232213A1-864F-4D52-9BA5-767E915A6764}.Debug|Any CPU.ActiveCfg = Debug|Any CPU
		{232213A1-864F-4D52-9BA5-767E915A6764}.Debug|Any CPU.Build.0 = Debug|Any CPU
		{232213A1-864F-4D52-9BA5-767E915A6764}.Release|Any CPU.ActiveCfg = Release|Any CPU
		{232213A1-864F-4D52-9BA5-767E915A6764}.Release|Any CPU.Build.0 = Release|Any CPU
		{DCC06A01-0A1A-4F30-B2CB-8F03517FD60B}.Debug|Any CPU.ActiveCfg = Debug|Any CPU
		{DCC06A01-0A1A-4F30-B2CB-8F03517FD60B}.Debug|Any CPU.Build.0 = Debug|Any CPU
		{DCC06A01-0A1A-4F30-B2CB-8F03517FD60B}.Release|Any CPU.ActiveCfg = Release|Any CPU
		{DCC06A01-0A1A-4F30-B2CB-8F03517FD60B}.Release|Any CPU.Build.0 = Release|Any CPU
		{A13C8A76-1782-4D6E-8AF3-C0217105DF08}.Debug|Any CPU.ActiveCfg = Debug|Any CPU
		{A13C8A76-1782-4D6E-8AF3-C0217105DF08}.Debug|Any CPU.Build.0 = Debug|Any CPU
		{A13C8A76-1782-4D6E-8AF3-C0217105DF08}.Release|Any CPU.ActiveCfg = Release|Any CPU
		{A13C8A76-1782-4D6E-8AF3-C0217105DF08}.Release|Any CPU.Build.0 = Release|Any CPU
		{06F1B5B0-EE21-414C-8E95-A67B680B56E4}.Debug|Any CPU.ActiveCfg = Debug|Any CPU
		{06F1B5B0-EE21-414C-8E95-A67B680B56E4}.Debug|Any CPU.Build.0 = Debug|Any CPU
		{06F1B5B0-EE21-414C-8E95-A67B680B56E4}.Release|Any CPU.ActiveCfg = Release|Any CPU
		{06F1B5B0-EE21-414C-8E95-A67B680B56E4}.Release|Any CPU.Build.0 = Release|Any CPU
	EndGlobalSection
	GlobalSection(SolutionProperties) = preSolution
		HideSolutionNode = FALSE
	EndGlobalSection
	GlobalSection(NestedProjects) = preSolution
		{232213A1-864F-4D52-9BA5-767E915A6764} = {F9E34737-3DDF-4321-90D2-75AF78B914C6}
		{DCC06A01-0A1A-4F30-B2CB-8F03517FD60B} = {1F00A1B5-4424-4BF1-8FC8-863DD776072C}
		{60DE1727-F702-4E42-B96A-CBE24326430B} = {E7274277-8D73-497E-88F5-008CDE40B9F7}
		{1F00A1B5-4424-4BF1-8FC8-863DD776072C} = {E7274277-8D73-497E-88F5-008CDE40B9F7}
		{F9E34737-3DDF-4321-90D2-75AF78B914C6} = {E7274277-8D73-497E-88F5-008CDE40B9F7}
		{A13C8A76-1782-4D6E-8AF3-C0217105DF08} = {14C38668-07A1-42E7-B6B2-8595BD76863D}
		{8DEE9016-4FA6-4689-BF64-4B365C76C482} = {E7274277-8D73-497E-88F5-008CDE40B9F7}
		{F6E960FE-483E-4491-B980-F74AE379547A} = {E7274277-8D73-497E-88F5-008CDE40B9F7}
		{06F1B5B0-EE21-414C-8E95-A67B680B56E4} = {F6E960FE-483E-4491-B980-F74AE379547A}
		{14C38668-07A1-42E7-B6B2-8595BD76863D} = {60DE1727-F702-4E42-B96A-CBE24326430B}
	EndGlobalSection
	GlobalSection(ExtensibilityGlobals) = postSolution
		SolutionGuid = {7CBB0B5C-B76A-478F-972D-B4AD76FF1368}
	EndGlobalSection
EndGlobal
